
Microsoft Visual Studio Solution File, Format Version 12.00
# Visual Studio 14
VisualStudioVersion = 14.0.25420.1
MinimumVisualStudioVersion = 10.0.40219.1
Project("{FAE04EC0-301F-11D3-BF4B-00C04F79EFBC}") = "WeatherServiceLib", "WeatherServiceLib\WeatherServiceLib.csproj", "{3CA3DD9E-FF3F-47B6-BA51-F132D15E23AB}"
EndProject
Project("{FAE04EC0-301F-11D3-BF4B-00C04F79EFBC}") = "WeatherServiceHost", "WeatherServiceHost\WeatherServiceHost.csproj", "{7E43246A-760F-40F0-8B3E-2611CE4002DF}"
EndProject
Project("{FAE04EC0-301F-11D3-BF4B-00C04F79EFBC}") = "WeatherClient", "WeatherClient\WeatherClient.csproj", "{28E7765F-D33F-43BA-A645-418F19280C02}"
	ProjectSection(ProjectDependencies) = postProject
		{3CA3DD9E-FF3F-47B6-BA51-F132D15E23AB} = {3CA3DD9E-FF3F-47B6-BA51-F132D15E23AB}
	EndProjectSection
EndProject
Global
	GlobalSection(SolutionConfigurationPlatforms) = preSolution
		Debug|Any CPU = Debug|Any CPU
		Release|Any CPU = Release|Any CPU
	EndGlobalSection
	GlobalSection(ProjectConfigurationPlatforms) = postSolution
		{3CA3DD9E-FF3F-47B6-BA51-F132D15E23AB}.Debug|Any CPU.ActiveCfg = Debug|Any CPU
		{3CA3DD9E-FF3F-47B6-BA51-F132D15E23AB}.Debug|Any CPU.Build.0 = Debug|Any CPU
		{3CA3DD9E-FF3F-47B6-BA51-F132D15E23AB}.Release|Any CPU.ActiveCfg = Release|Any CPU
		{3CA3DD9E-FF3F-47B6-BA51-F132D15E23AB}.Release|Any CPU.Build.0 = Release|Any CPU
		{7E43246A-760F-40F0-8B3E-2611CE4002DF}.Debug|Any CPU.ActiveCfg = Debug|Any CPU
		{7E43246A-760F-40F0-8B3E-2611CE4002DF}.Debug|Any CPU.Build.0 = Debug|Any CPU
		{7E43246A-760F-40F0-8B3E-2611CE4002DF}.Release|Any CPU.ActiveCfg = Release|Any CPU
		{7E43246A-760F-40F0-8B3E-2611CE4002DF}.Release|Any CPU.Build.0 = Release|Any CPU
		{28E7765F-D33F-43BA-A645-418F19280C02}.Debug|Any CPU.ActiveCfg = Debug|Any CPU
		{28E7765F-D33F-43BA-A645-418F19280C02}.Debug|Any CPU.Build.0 = Debug|Any CPU
		{28E7765F-D33F-43BA-A645-418F19280C02}.Release|Any CPU.ActiveCfg = Release|Any CPU
		{28E7765F-D33F-43BA-A645-418F19280C02}.Release|Any CPU.Build.0 = Release|Any CPU
	EndGlobalSection
	GlobalSection(SolutionProperties) = preSolution
		HideSolutionNode = FALSE
	EndGlobalSection
EndGlobal
